// !$*UTF8*$!
{
	archiveVersion = 1;
	classes = {
	};
	objectVersion = 51;
	objects = {

/* Begin PBXBuildFile section */
		138D8FA52663BFB000F33ED8 /* AppDelegate.swift in Sources */ = {isa = PBXBuildFile; fileRef = 138D8FA42663BFB000F33ED8 /* AppDelegate.swift */; };
		138D8FA72663BFB000F33ED8 /* SceneDelegate.swift in Sources */ = {isa = PBXBuildFile; fileRef = 138D8FA62663BFB000F33ED8 /* SceneDelegate.swift */; };
		138D8FA92663BFB000F33ED8 /* MainViewController.swift in Sources */ = {isa = PBXBuildFile; fileRef = 138D8FA82663BFB000F33ED8 /* MainViewController.swift */; };
		138D8FAC2663BFB000F33ED8 /* Main.storyboard in Resources */ = {isa = PBXBuildFile; fileRef = 138D8FAA2663BFB000F33ED8 /* Main.storyboard */; };
		138D8FAE2663BFB000F33ED8 /* Assets.xcassets in Resources */ = {isa = PBXBuildFile; fileRef = 138D8FAD2663BFB000F33ED8 /* Assets.xcassets */; };
		138D8FB12663BFB000F33ED8 /* LaunchScreen.storyboard in Resources */ = {isa = PBXBuildFile; fileRef = 138D8FAF2663BFB000F33ED8 /* LaunchScreen.storyboard */; };
		138D8FC02663CF0F00F33ED8 /* 12358-christmas-loading.json in Resources */ = {isa = PBXBuildFile; fileRef = 138D8FBF2663CF0F00F33ED8 /* 12358-christmas-loading.json */; };
		DB0277D9DF3D0D414EA1A6EE /* Pods_niceApp.framework in Frameworks */ = {isa = PBXBuildFile; fileRef = 30E26DD51A96C8A3CF118E94 /* Pods_niceApp.framework */; };
/* End PBXBuildFile section */

/* Begin PBXFileReference section */
		138D8FA12663BFB000F33ED8 /* niceApp.app */ = {isa = PBXFileReference; explicitFileType = wrapper.application; includeInIndex = 0; path = niceApp.app; sourceTree = BUILT_PRODUCTS_DIR; };
		138D8FA42663BFB000F33ED8 /* AppDelegate.swift */ = {isa = PBXFileReference; lastKnownFileType = sourcecode.swift; path = AppDelegate.swift; sourceTree = "<group>"; };
		138D8FA62663BFB000F33ED8 /* SceneDelegate.swift */ = {isa = PBXFileReference; lastKnownFileType = sourcecode.swift; path = SceneDelegate.swift; sourceTree = "<group>"; };
		138D8FA82663BFB000F33ED8 /* MainViewController.swift */ = {isa = PBXFileReference; lastKnownFileType = sourcecode.swift; path = MainViewController.swift; sourceTree = "<group>"; };
		138D8FAB2663BFB000F33ED8 /* Base */ = {isa = PBXFileReference; lastKnownFileType = file.storyboard; name = Base; path = Base.lproj/Main.storyboard; sourceTree = "<group>"; };
		138D8FAD2663BFB000F33ED8 /* Assets.xcassets */ = {isa = PBXFileReference; lastKnownFileType = folder.assetcatalog; path = Assets.xcassets; sourceTree = "<group>"; };
		138D8FB02663BFB000F33ED8 /* Base */ = {isa = PBXFileReference; lastKnownFileType = file.storyboard; name = Base; path = Base.lproj/LaunchScreen.storyboard; sourceTree = "<group>"; };
		138D8FB22663BFB000F33ED8 /* Info.plist */ = {isa = PBXFileReference; lastKnownFileType = text.plist.xml; path = Info.plist; sourceTree = "<group>"; };
		138D8FBF2663CF0F00F33ED8 /* 12358-christmas-loading.json */ = {isa = PBXFileReference; fileEncoding = 4; lastKnownFileType = text.json; path = "12358-christmas-loading.json"; sourceTree = "<group>"; };
		30E26DD51A96C8A3CF118E94 /* Pods_niceApp.framework */ = {isa = PBXFileReference; explicitFileType = wrapper.framework; includeInIndex = 0; path = Pods_niceApp.framework; sourceTree = BUILT_PRODUCTS_DIR; };
		467BC0A8923C760E2C253F74 /* Pods-niceApp.release.xcconfig */ = {isa = PBXFileReference; includeInIndex = 1; lastKnownFileType = text.xcconfig; name = "Pods-niceApp.release.xcconfig"; path = "Target Support Files/Pods-niceApp/Pods-niceApp.release.xcconfig"; sourceTree = "<group>"; };
		6718F6378136466B4E8A3973 /* Pods-niceApp.debug.xcconfig */ = {isa = PBXFileReference; includeInIndex = 1; lastKnownFileType = text.xcconfig; name = "Pods-niceApp.debug.xcconfig"; path = "Target Support Files/Pods-niceApp/Pods-niceApp.debug.xcconfig"; sourceTree = "<group>"; };
/* End PBXFileReference section */

/* Begin PBXFrameworksBuildPhase section */
		138D8F9E2663BFB000F33ED8 /* Frameworks */ = {
			isa = PBXFrameworksBuildPhase;
			buildActionMask = 2147483647;
			files = (
				DB0277D9DF3D0D414EA1A6EE /* Pods_niceApp.framework in Frameworks */,
			);
			runOnlyForDeploymentPostprocessing = 0;
		};
/* End PBXFrameworksBuildPhase section */

/* Begin PBXGroup section */
		0551F92B6F92FABE9F3418A3 /* Frameworks */ = {
			isa = PBXGroup;
			children = (
				30E26DD51A96C8A3CF118E94 /* Pods_niceApp.framework */,
			);
			name = Frameworks;
			sourceTree = "<group>";
		};
		138D8F982663BFB000F33ED8 = {
			isa = PBXGroup;
			children = (
				138D8FA32663BFB000F33ED8 /* niceApp */,
				138D8FA22663BFB000F33ED8 /* Products */,
				5C03EF6A1B83D1179744928A /* Pods */,
				0551F92B6F92FABE9F3418A3 /* Frameworks */,
			);
			sourceTree = "<group>";
		};
		138D8FA22663BFB000F33ED8 /* Products */ = {
			isa = PBXGroup;
			children = (
				138D8FA12663BFB000F33ED8 /* niceApp.app */,
			);
			name = Products;
			sourceTree = "<group>";
		};
		138D8FA32663BFB000F33ED8 /* niceApp */ = {
			isa = PBXGroup;
			children = (
				138D8FB92663BFE300F33ED8 /* ViewControllers */,
				138D8FA42663BFB000F33ED8 /* AppDelegate.swift */,
				138D8FA62663BFB000F33ED8 /* SceneDelegate.swift */,
				138D8FAA2663BFB000F33ED8 /* Main.storyboard */,
				138D8FAD2663BFB000F33ED8 /* Assets.xcassets */,
				138D8FAF2663BFB000F33ED8 /* LaunchScreen.storyboard */,
				138D8FB22663BFB000F33ED8 /* Info.plist */,
			);
			path = niceApp;
			sourceTree = "<group>";
		};
		138D8FB92663BFE300F33ED8 /* ViewControllers */ = {
			isa = PBXGroup;
			children = (
				138D8FBF2663CF0F00F33ED8 /* 12358-christmas-loading.json */,
				138D8FA82663BFB000F33ED8 /* MainViewController.swift */,
			);
			path = ViewControllers;
			sourceTree = "<group>";
		};
		5C03EF6A1B83D1179744928A /* Pods */ = {
			isa = PBXGroup;
			children = (
				6718F6378136466B4E8A3973 /* Pods-niceApp.debug.xcconfig */,
				467BC0A8923C760E2C253F74 /* Pods-niceApp.release.xcconfig */,
			);
			path = Pods;
			sourceTree = "<group>";
		};
/* End PBXGroup section */

/* Begin PBXNativeTarget section */
		138D8FA02663BFB000F33ED8 /* niceApp */ = {
			isa = PBXNativeTarget;
			buildConfigurationList = 138D8FB52663BFB000F33ED8 /* Build configuration list for PBXNativeTarget "niceApp" */;
			buildPhases = (
				8EA6C02C053C226A5A7AF98D /* [CP] Check Pods Manifest.lock */,
				138D8F9D2663BFB000F33ED8 /* Sources */,
				138D8F9E2663BFB000F33ED8 /* Frameworks */,
				138D8F9F2663BFB000F33ED8 /* Resources */,
				AE680F6B488CE49CC7A19F4C /* [CP] Embed Pods Frameworks */,
			);
			buildRules = (
			);
			dependencies = (
			);
			name = niceApp;
			productName = niceApp;
			productReference = 138D8FA12663BFB000F33ED8 /* niceApp.app */;
			productType = "com.apple.product-type.application";
		};
/* End PBXNativeTarget section */

/* Begin PBXProject section */
		138D8F992663BFB000F33ED8 /* Project object */ = {
			isa = PBXProject;
			attributes = {
				LastSwiftUpdateCheck = 1240;
				LastUpgradeCheck = 1240;
				TargetAttributes = {
					138D8FA02663BFB000F33ED8 = {
						CreatedOnToolsVersion = 12.4;
					};
				};
			};
			buildConfigurationList = 138D8F9C2663BFB000F33ED8 /* Build configuration list for PBXProject "niceApp" */;
			compatibilityVersion = "Xcode 9.3";
			developmentRegion = en;
			hasScannedForEncodings = 0;
			knownRegions = (
				en,
				Base,
			);
			mainGroup = 138D8F982663BFB000F33ED8;
			productRefGroup = 138D8FA22663BFB000F33ED8 /* Products */;
			projectDirPath = "";
			projectRoot = "";
			targets = (
				138D8FA02663BFB000F33ED8 /* niceApp */,
			);
		};
/* End PBXProject section */

/* Begin PBXResourcesBuildPhase section */
		138D8F9F2663BFB000F33ED8 /* Resources */ = {
			isa = PBXResourcesBuildPhase;
			buildActionMask = 2147483647;
			files = (
				138D8FB12663BFB000F33ED8 /* LaunchScreen.storyboard in Resources */,
				138D8FC02663CF0F00F33ED8 /* 12358-christmas-loading.json in Resources */,
				138D8FAE2663BFB000F33ED8 /* Assets.xcassets in Resources */,
				138D8FAC2663BFB000F33ED8 /* Main.storyboard in Resources */,
			);
			runOnlyForDeploymentPostprocessing = 0;
		};
/* End PBXResourcesBuildPhase section */

/* Begin PBXShellScriptBuildPhase section */
		8EA6C02C053C226A5A7AF98D /* [CP] Check Pods Manifest.lock */ = {
			isa = PBXShellScriptBuildPhase;
			buildActionMask = 2147483647;
			files = (
			);
			inputFileListPaths = (
			);
			inputPaths = (
				"${PODS_PODFILE_DIR_PATH}/Podfile.lock",
				"${PODS_ROOT}/Manifest.lock",
			);
			name = "[CP] Check Pods Manifest.lock";
			outputFileListPaths = (
			);
			outputPaths = (
				"$(DERIVED_FILE_DIR)/Pods-niceApp-checkManifestLockResult.txt",
			);
			runOnlyForDeploymentPostprocessing = 0;
			shellPath = /bin/sh;
			shellScript = "diff \"${PODS_PODFILE_DIR_PATH}/Podfile.lock\" \"${PODS_ROOT}/Manifest.lock\" > /dev/null\nif [ $? != 0 ] ; then\n    # print error to STDERR\n    echo \"error: The sandbox is not in sync with the Podfile.lock. Run 'pod install' or update your CocoaPods installation.\" >&2\n    exit 1\nfi\n# This output is used by Xcode 'outputs' to avoid re-running this script phase.\necho \"SUCCESS\" > \"${SCRIPT_OUTPUT_FILE_0}\"\n";
			showEnvVarsInLog = 0;
		};
		AE680F6B488CE49CC7A19F4C /* [CP] Embed Pods Frameworks */ = {
			isa = PBXShellScriptBuildPhase;
			buildActionMask = 2147483647;
			files = (
			);
			inputFileListPaths = (
				"${PODS_ROOT}/Target Support Files/Pods-niceApp/Pods-niceApp-frameworks-${CONFIGURATION}-input-files.xcfilelist",
			);
			name = "[CP] Embed Pods Frameworks";
			outputFileListPaths = (
				"${PODS_ROOT}/Target Support Files/Pods-niceApp/Pods-niceApp-frameworks-${CONFIGURATION}-output-files.xcfilelist",
			);
			runOnlyForDeploymentPostprocessing = 0;
			shellPath = /bin/sh;
			shellScript = "\"${PODS_ROOT}/Target Support Files/Pods-niceApp/Pods-niceApp-frameworks.sh\"\n";
			showEnvVarsInLog = 0;
		};
/* End PBXShellScriptBuildPhase section */

/* Begin PBXSourcesBuildPhase section */
		138D8F9D2663BFB000F33ED8 /* Sources */ = {
			isa = PBXSourcesBuildPhase;
			buildActionMask = 2147483647;
			files = (
				138D8FA92663BFB000F33ED8 /* MainViewController.swift in Sources */,
				138D8FA52663BFB000F33ED8 /* AppDelegate.swift in Sources */,
				138D8FA72663BFB000F33ED8 /* SceneDelegate.swift in Sources */,
			);
			runOnlyForDeploymentPostprocessing = 0;
		};
/* End PBXSourcesBuildPhase section */

/* Begin PBXVariantGroup section */
		138D8FAA2663BFB000F33ED8 /* Main.storyboard */ = {
			isa = PBXVariantGroup;
			children = (
				138D8FAB2663BFB000F33ED8 /* Base */,
			);
			name = Main.storyboard;
			sourceTree = "<group>";
		};
		138D8FAF2663BFB000F33ED8 /* LaunchScreen.storyboard */ = {
			isa = PBXVariantGroup;
			children = (
				138D8FB02663BFB000F33ED8 /* Base */,
			);
			name = LaunchScreen.storyboard;
			sourceTree = "<group>";
		};
/* End PBXVariantGroup section */

/* Begin XCBuildConfiguration section */
		138D8FB32663BFB000F33ED8 /* Debug */ = {
			isa = XCBuildConfiguration;
			buildSettings = {
				ALWAYS_SEARCH_USER_PATHS = NO;
				CLANG_ANALYZER_NONNULL = YES;
				CLANG_ANALYZER_NUMBER_OBJECT_CONVERSION = YES_AGGRESSIVE;
				CLANG_CXX_LANGUAGE_STANDARD = "gnu++14";
				CLANG_CXX_LIBRARY = "libc++";
				CLANG_ENABLE_MODULES = YES;
				CLANG_ENABLE_OBJC_ARC = YES;
				CLANG_ENABLE_OBJC_WEAK = YES;
				CLANG_WARN_BLOCK_CAPTURE_AUTORELEASING = YES;
				CLANG_WARN_BOOL_CONVERSION = YES;
				CLANG_WARN_COMMA = YES;
				CLANG_WARN_CONSTANT_CONVERSION = YES;
				CLANG_WARN_DEPRECATED_OBJC_IMPLEMENTATIONS = YES;
				CLANG_WARN_DIRECT_OBJC_ISA_USAGE = YES_ERROR;
				CLANG_WARN_DOCUMENTATION_COMMENTS = YES;
				CLANG_WARN_EMPTY_BODY = YES;
				CLANG_WARN_ENUM_CONVERSION = YES;
				CLANG_WARN_INFINITE_RECURSION = YES;
				CLANG_WARN_INT_CONVERSION = YES;
				CLANG_WARN_NON_LITERAL_NULL_CONVERSION = YES;
				CLANG_WARN_OBJC_IMPLICIT_RETAIN_SELF = YES;
				CLANG_WARN_OBJC_LITERAL_CONVERSION = YES;
				CLANG_WARN_OBJC_ROOT_CLASS = YES_ERROR;
				CLANG_WARN_QUOTED_INCLUDE_IN_FRAMEWORK_HEADER = YES;
				CLANG_WARN_RANGE_LOOP_ANALYSIS = YES;
				CLANG_WARN_STRICT_PROTOTYPES = YES;
				CLANG_WARN_SUSPICIOUS_MOVE = YES;
				CLANG_WARN_UNGUARDED_AVAILABILITY = YES_AGGRESSIVE;
				CLANG_WARN_UNREACHABLE_CODE = YES;
				CLANG_WARN__DUPLICATE_METHOD_MATCH = YES;
				COPY_PHASE_STRIP = NO;
				DEBUG_INFORMATION_FORMAT = dwarf;
				ENABLE_STRICT_OBJC_MSGSEND = YES;
				ENABLE_TESTABILITY = YES;
				GCC_C_LANGUAGE_STANDARD = gnu11;
				GCC_DYNAMIC_NO_PIC = NO;
				GCC_NO_COMMON_BLOCKS = YES;
				GCC_OPTIMIZATION_LEVEL = 0;
				GCC_PREPROCESSOR_DEFINITIONS = (
					"DEBUG=1",
					"$(inherited)",
				);
				GCC_WARN_64_TO_32_BIT_CONVERSION = YES;
				GCC_WARN_ABOUT_RETURN_TYPE = YES_ERROR;
				GCC_WARN_UNDECLARED_SELECTOR = YES;
				GCC_WARN_UNINITIALIZED_AUTOS = YES_AGGRESSIVE;
				GCC_WARN_UNUSED_FUNCTION = YES;
				GCC_WARN_UNUSED_VARIABLE = YES;
				IPHONEOS_DEPLOYMENT_TARGET = 14.4;
				MTL_ENABLE_DEBUG_INFO = INCLUDE_SOURCE;
				MTL_FAST_MATH = YES;
				ONLY_ACTIVE_ARCH = YES;
				SDKROOT = iphoneos;
				SWIFT_ACTIVE_COMPILATION_CONDITIONS = DEBUG;
				SWIFT_OPTIMIZATION_LEVEL = "-Onone";
			};
			name = Debug;
		};
		138D8FB42663BFB000F33ED8 /* Release */ = {
			isa = XCBuildConfiguration;
			buildSettings = {
				ALWAYS_SEARCH_USER_PATHS = NO;
				CLANG_ANALYZER_NONNULL = YES;
				CLANG_ANALYZER_NUMBER_OBJECT_CONVERSION = YES_AGGRESSIVE;
				CLANG_CXX_LANGUAGE_STANDARD = "gnu++14";
				CLANG_CXX_LIBRARY = "libc++";
				CLANG_ENABLE_MODULES = YES;
				CLANG_ENABLE_OBJC_ARC = YES;
				CLANG_ENABLE_OBJC_WEAK = YES;
				CLANG_WARN_BLOCK_CAPTURE_AUTORELEASING = YES;
				CLANG_WARN_BOOL_CONVERSION = YES;
				CLANG_WARN_COMMA = YES;
				CLANG_WARN_CONSTANT_CONVERSION = YES;
				CLANG_WARN_DEPRECATED_OBJC_IMPLEMENTATIONS = YES;
				CLANG_WARN_DIRECT_OBJC_ISA_USAGE = YES_ERROR;
				CLANG_WARN_DOCUMENTATION_COMMENTS = YES;
				CLANG_WARN_EMPTY_BODY = YES;
				CLANG_WARN_ENUM_CONVERSION = YES;
				CLANG_WARN_INFINITE_RECURSION = YES;
				CLANG_WARN_INT_CONVERSION = YES;
				CLANG_WARN_NON_LITERAL_NULL_CONVERSION = YES;
				CLANG_WARN_OBJC_IMPLICIT_RETAIN_SELF = YES;
				CLANG_WARN_OBJC_LITERAL_CONVERSION = YES;
				CLANG_WARN_OBJC_ROOT_CLASS = YES_ERROR;
				CLANG_WARN_QUOTED_INCLUDE_IN_FRAMEWORK_HEADER = YES;
				CLANG_WARN_RANGE_LOOP_ANALYSIS = YES;
				CLANG_WARN_STRICT_PROTOTYPES = YES;
				CLANG_WARN_SUSPICIOUS_MOVE = YES;
				CLANG_WARN_UNGUARDED_AVAILABILITY = YES_AGGRESSIVE;
				CLANG_WARN_UNREACHABLE_CODE = YES;
				CLANG_WARN__DUPLICATE_METHOD_MATCH = YES;
				COPY_PHASE_STRIP = NO;
				DEBUG_INFORMATION_FORMAT = "dwarf-with-dsym";
				ENABLE_NS_ASSERTIONS = NO;
				ENABLE_STRICT_OBJC_MSGSEND = YES;
				GCC_C_LANGUAGE_STANDARD = gnu11;
				GCC_NO_COMMON_BLOCKS = YES;
				GCC_WARN_64_TO_32_BIT_CONVERSION = YES;
				GCC_WARN_ABOUT_RETURN_TYPE = YES_ERROR;
				GCC_WARN_UNDECLARED_SELECTOR = YES;
				GCC_WARN_UNINITIALIZED_AUTOS = YES_AGGRESSIVE;
				GCC_WARN_UNUSED_FUNCTION = YES;
				GCC_WARN_UNUSED_VARIABLE = YES;
				IPHONEOS_DEPLOYMENT_TARGET = 14.4;
				MTL_ENABLE_DEBUG_INFO = NO;
				MTL_FAST_MATH = YES;
				SDKROOT = iphoneos;
				SWIFT_COMPILATION_MODE = wholemodule;
				SWIFT_OPTIMIZATION_LEVEL = "-O";
				VALIDATE_PRODUCT = YES;
			};
			name = Release;
		};
		138D8FB62663BFB000F33ED8 /* Debug */ = {
			isa = XCBuildConfiguration;
			baseConfigurationReference = 6718F6378136466B4E8A3973 /* Pods-niceApp.debug.xcconfig */;
			buildSettings = {
				ASSETCATALOG_COMPILER_APPICON_NAME = AppIcon;
				ASSETCATALOG_COMPILER_GLOBAL_ACCENT_COLOR_NAME = AccentColor;
				CODE_SIGN_STYLE = Automatic;
				INFOPLIST_FILE = niceApp/Info.plist;
				LD_RUNPATH_SEARCH_PATHS = (
					"$(inherited)",
					"@executable_path/Frameworks",
				);
				PRODUCT_BUNDLE_IDENTIFIER = com.hyeon.niceApp;
				PRODUCT_NAME = "$(TARGET_NAME)";
				SWIFT_VERSION = 5.0;
				TARGETED_DEVICE_FAMILY = "1,2";
			};
			name = Debug;
		};
		138D8FB72663BFB000F33ED8 /* Release */ = {
			isa = XCBuildConfiguration;
			baseConfigurationReference = 467BC0A8923C760E2C253F74 /* Pods-niceApp.release.xcconfig */;
			buildSettings = {
				ASSETCATALOG_COMPILER_APPICON_NAME = AppIcon;
				ASSETCATALOG_COMPILER_GLOBAL_ACCENT_COLOR_NAME = AccentColor;
				CODE_SIGN_STYLE = Automatic;
				INFOPLIST_FILE = niceApp/Info.plist;
				LD_RUNPATH_SEARCH_PATHS = (
					"$(inherited)",
					"@executable_path/Frameworks",
				);
				PRODUCT_BUNDLE_IDENTIFIER = com.hyeon.niceApp;
				PRODUCT_NAME = "$(TARGET_NAME)";
				SWIFT_VERSION = 5.0;
				TARGETED_DEVICE_FAMILY = "1,2";
			};
			name = Release;
		};
/* End XCBuildConfiguration section */

/* Begin XCConfigurationList section */
		138D8F9C2663BFB000F33ED8 /* Build configuration list for PBXProject "niceApp" */ = {
			isa = XCConfigurationList;
			buildConfigurations = (
				138D8FB32663BFB000F33ED8 /* Debug */,
				138D8FB42663BFB000F33ED8 /* Release */,
			);
			defaultConfigurationIsVisible = 0;
			defaultConfigurationName = Release;
		};
		138D8FB52663BFB000F33ED8 /* Build configuration list for PBXNativeTarget "niceApp" */ = {
			isa = XCConfigurationList;
			buildConfigurations = (
				138D8FB62663BFB000F33ED8 /* Debug */,
				138D8FB72663BFB000F33ED8 /* Release */,
			);
			defaultConfigurationIsVisible = 0;
			defaultConfigurationName = Release;
		};
/* End XCConfigurationList section */
	};
	rootObject = 138D8F992663BFB000F33ED8 /* Project object */;
}
