// !$*UTF8*$!
{
	archiveVersion = 1;
	classes = {
	};
	objectVersion = 50;
	objects = {

/* Begin PBXBuildFile section */
		13FC91072664F4B100A53A7A /* AppDelegate.swift in Sources */ = {isa = PBXBuildFile; fileRef = 13FC91062664F4B100A53A7A /* AppDelegate.swift */; };
		13FC91092664F4B100A53A7A /* SceneDelegate.swift in Sources */ = {isa = PBXBuildFile; fileRef = 13FC91082664F4B100A53A7A /* SceneDelegate.swift */; };
		13FC910B2664F4B100A53A7A /* MainViewController.swift in Sources */ = {isa = PBXBuildFile; fileRef = 13FC910A2664F4B100A53A7A /* MainViewController.swift */; };
		13FC910E2664F4B100A53A7A /* Main.storyboard in Resources */ = {isa = PBXBuildFile; fileRef = 13FC910C2664F4B100A53A7A /* Main.storyboard */; };
		13FC91102664F4B200A53A7A /* Assets.xcassets in Resources */ = {isa = PBXBuildFile; fileRef = 13FC910F2664F4B200A53A7A /* Assets.xcassets */; };
		13FC91132664F4B200A53A7A /* LaunchScreen.storyboard in Resources */ = {isa = PBXBuildFile; fileRef = 13FC91112664F4B200A53A7A /* LaunchScreen.storyboard */; };
		13FC911E2664F9F300A53A7A /* WebKit.framework in Frameworks */ = {isa = PBXBuildFile; fileRef = 13FC911D2664F9F300A53A7A /* WebKit.framework */; };
/* End PBXBuildFile section */

/* Begin PBXFileReference section */
		13FC91032664F4B100A53A7A /* QRCodeTutorial.swift.app */ = {isa = PBXFileReference; explicitFileType = wrapper.application; includeInIndex = 0; path = QRCodeTutorial.swift.app; sourceTree = BUILT_PRODUCTS_DIR; };
		13FC91062664F4B100A53A7A /* AppDelegate.swift */ = {isa = PBXFileReference; lastKnownFileType = sourcecode.swift; path = AppDelegate.swift; sourceTree = "<group>"; };
		13FC91082664F4B100A53A7A /* SceneDelegate.swift */ = {isa = PBXFileReference; lastKnownFileType = sourcecode.swift; path = SceneDelegate.swift; sourceTree = "<group>"; };
		13FC910A2664F4B100A53A7A /* MainViewController.swift */ = {isa = PBXFileReference; lastKnownFileType = sourcecode.swift; path = MainViewController.swift; sourceTree = "<group>"; };
		13FC910D2664F4B100A53A7A /* Base */ = {isa = PBXFileReference; lastKnownFileType = file.storyboard; name = Base; path = Base.lproj/Main.storyboard; sourceTree = "<group>"; };
		13FC910F2664F4B200A53A7A /* Assets.xcassets */ = {isa = PBXFileReference; lastKnownFileType = folder.assetcatalog; path = Assets.xcassets; sourceTree = "<group>"; };
		13FC91122664F4B200A53A7A /* Base */ = {isa = PBXFileReference; lastKnownFileType = file.storyboard; name = Base; path = Base.lproj/LaunchScreen.storyboard; sourceTree = "<group>"; };
		13FC91142664F4B200A53A7A /* Info.plist */ = {isa = PBXFileReference; lastKnownFileType = text.plist.xml; path = Info.plist; sourceTree = "<group>"; };
		13FC911D2664F9F300A53A7A /* WebKit.framework */ = {isa = PBXFileReference; lastKnownFileType = wrapper.framework; name = WebKit.framework; path = System/Library/Frameworks/WebKit.framework; sourceTree = SDKROOT; };
/* End PBXFileReference section */

/* Begin PBXFrameworksBuildPhase section */
		13FC91002664F4B100A53A7A /* Frameworks */ = {
			isa = PBXFrameworksBuildPhase;
			buildActionMask = 2147483647;
			files = (
				13FC911E2664F9F300A53A7A /* WebKit.framework in Frameworks */,
			);
			runOnlyForDeploymentPostprocessing = 0;
		};
/* End PBXFrameworksBuildPhase section */

/* Begin PBXGroup section */
		13FC90FA2664F4B100A53A7A = {
			isa = PBXGroup;
			children = (
				13FC91052664F4B100A53A7A /* QRCodeTutorial.swift */,
				13FC91042664F4B100A53A7A /* Products */,
				13FC911C2664F9F200A53A7A /* Frameworks */,
			);
			sourceTree = "<group>";
		};
		13FC91042664F4B100A53A7A /* Products */ = {
			isa = PBXGroup;
			children = (
				13FC91032664F4B100A53A7A /* QRCodeTutorial.swift.app */,
			);
			name = Products;
			sourceTree = "<group>";
		};
		13FC91052664F4B100A53A7A /* QRCodeTutorial.swift */ = {
			isa = PBXGroup;
			children = (
				13FC91062664F4B100A53A7A /* AppDelegate.swift */,
				13FC91082664F4B100A53A7A /* SceneDelegate.swift */,
				13FC910A2664F4B100A53A7A /* MainViewController.swift */,
				13FC910C2664F4B100A53A7A /* Main.storyboard */,
				13FC910F2664F4B200A53A7A /* Assets.xcassets */,
				13FC91112664F4B200A53A7A /* LaunchScreen.storyboard */,
				13FC91142664F4B200A53A7A /* Info.plist */,
			);
			path = QRCodeTutorial.swift;
			sourceTree = "<group>";
		};
		13FC911C2664F9F200A53A7A /* Frameworks */ = {
			isa = PBXGroup;
			children = (
				13FC911D2664F9F300A53A7A /* WebKit.framework */,
			);
			name = Frameworks;
			sourceTree = "<group>";
		};
/* End PBXGroup section */

/* Begin PBXNativeTarget section */
		13FC91022664F4B100A53A7A /* QRCodeTutorial.swift */ = {
			isa = PBXNativeTarget;
			buildConfigurationList = 13FC91172664F4B200A53A7A /* Build configuration list for PBXNativeTarget "QRCodeTutorial.swift" */;
			buildPhases = (
				13FC90FF2664F4B100A53A7A /* Sources */,
				13FC91002664F4B100A53A7A /* Frameworks */,
				13FC91012664F4B100A53A7A /* Resources */,
			);
			buildRules = (
			);
			dependencies = (
			);
			name = QRCodeTutorial.swift;
			productName = QRCodeTutorial.swift;
			productReference = 13FC91032664F4B100A53A7A /* QRCodeTutorial.swift.app */;
			productType = "com.apple.product-type.application";
		};
/* End PBXNativeTarget section */

/* Begin PBXProject section */
		13FC90FB2664F4B100A53A7A /* Project object */ = {
			isa = PBXProject;
			attributes = {
				LastSwiftUpdateCheck = 1240;
				LastUpgradeCheck = 1240;
				TargetAttributes = {
					13FC91022664F4B100A53A7A = {
						CreatedOnToolsVersion = 12.4;
					};
				};
			};
			buildConfigurationList = 13FC90FE2664F4B100A53A7A /* Build configuration list for PBXProject "QRCodeTutorial.swift" */;
			compatibilityVersion = "Xcode 9.3";
			developmentRegion = en;
			hasScannedForEncodings = 0;
			knownRegions = (
				en,
				Base,
			);
			mainGroup = 13FC90FA2664F4B100A53A7A;
			productRefGroup = 13FC91042664F4B100A53A7A /* Products */;
			projectDirPath = "";
			projectRoot = "";
			targets = (
				13FC91022664F4B100A53A7A /* QRCodeTutorial.swift */,
			);
		};
/* End PBXProject section */

/* Begin PBXResourcesBuildPhase section */
		13FC91012664F4B100A53A7A /* Resources */ = {
			isa = PBXResourcesBuildPhase;
			buildActionMask = 2147483647;
			files = (
				13FC91132664F4B200A53A7A /* LaunchScreen.storyboard in Resources */,
				13FC91102664F4B200A53A7A /* Assets.xcassets in Resources */,
				13FC910E2664F4B100A53A7A /* Main.storyboard in Resources */,
			);
			runOnlyForDeploymentPostprocessing = 0;
		};
/* End PBXResourcesBuildPhase section */

/* Begin PBXSourcesBuildPhase section */
		13FC90FF2664F4B100A53A7A /* Sources */ = {
			isa = PBXSourcesBuildPhase;
			buildActionMask = 2147483647;
			files = (
				13FC910B2664F4B100A53A7A /* MainViewController.swift in Sources */,
				13FC91072664F4B100A53A7A /* AppDelegate.swift in Sources */,
				13FC91092664F4B100A53A7A /* SceneDelegate.swift in Sources */,
			);
			runOnlyForDeploymentPostprocessing = 0;
		};
/* End PBXSourcesBuildPhase section */

/* Begin PBXVariantGroup section */
		13FC910C2664F4B100A53A7A /* Main.storyboard */ = {
			isa = PBXVariantGroup;
			children = (
				13FC910D2664F4B100A53A7A /* Base */,
			);
			name = Main.storyboard;
			sourceTree = "<group>";
		};
		13FC91112664F4B200A53A7A /* LaunchScreen.storyboard */ = {
			isa = PBXVariantGroup;
			children = (
				13FC91122664F4B200A53A7A /* Base */,
			);
			name = LaunchScreen.storyboard;
			sourceTree = "<group>";
		};
/* End PBXVariantGroup section */

/* Begin XCBuildConfiguration section */
		13FC91152664F4B200A53A7A /* Debug */ = {
			isa = XCBuildConfiguration;
			buildSettings = {
				ALWAYS_SEARCH_USER_PATHS = NO;
				CLANG_ANALYZER_NONNULL = YES;
				CLANG_ANALYZER_NUMBER_OBJECT_CONVERSION = YES_AGGRESSIVE;
				CLANG_CXX_LANGUAGE_STANDARD = "gnu++14";
				CLANG_CXX_LIBRARY = "libc++";
				CLANG_ENABLE_MODULES = YES;
				CLANG_ENABLE_OBJC_ARC = YES;
				CLANG_ENABLE_OBJC_WEAK = YES;
				CLANG_WARN_BLOCK_CAPTURE_AUTORELEASING = YES;
				CLANG_WARN_BOOL_CONVERSION = YES;
				CLANG_WARN_COMMA = YES;
				CLANG_WARN_CONSTANT_CONVERSION = YES;
				CLANG_WARN_DEPRECATED_OBJC_IMPLEMENTATIONS = YES;
				CLANG_WARN_DIRECT_OBJC_ISA_USAGE = YES_ERROR;
				CLANG_WARN_DOCUMENTATION_COMMENTS = YES;
				CLANG_WARN_EMPTY_BODY = YES;
				CLANG_WARN_ENUM_CONVERSION = YES;
				CLANG_WARN_INFINITE_RECURSION = YES;
				CLANG_WARN_INT_CONVERSION = YES;
				CLANG_WARN_NON_LITERAL_NULL_CONVERSION = YES;
				CLANG_WARN_OBJC_IMPLICIT_RETAIN_SELF = YES;
				CLANG_WARN_OBJC_LITERAL_CONVERSION = YES;
				CLANG_WARN_OBJC_ROOT_CLASS = YES_ERROR;
				CLANG_WARN_QUOTED_INCLUDE_IN_FRAMEWORK_HEADER = YES;
				CLANG_WARN_RANGE_LOOP_ANALYSIS = YES;
				CLANG_WARN_STRICT_PROTOTYPES = YES;
				CLANG_WARN_SUSPICIOUS_MOVE = YES;
				CLANG_WARN_UNGUARDED_AVAILABILITY = YES_AGGRESSIVE;
				CLANG_WARN_UNREACHABLE_CODE = YES;
				CLANG_WARN__DUPLICATE_METHOD_MATCH = YES;
				COPY_PHASE_STRIP = NO;
				DEBUG_INFORMATION_FORMAT = dwarf;
				ENABLE_STRICT_OBJC_MSGSEND = YES;
				ENABLE_TESTABILITY = YES;
				GCC_C_LANGUAGE_STANDARD = gnu11;
				GCC_DYNAMIC_NO_PIC = NO;
				GCC_NO_COMMON_BLOCKS = YES;
				GCC_OPTIMIZATION_LEVEL = 0;
				GCC_PREPROCESSOR_DEFINITIONS = (
					"DEBUG=1",
					"$(inherited)",
				);
				GCC_WARN_64_TO_32_BIT_CONVERSION = YES;
				GCC_WARN_ABOUT_RETURN_TYPE = YES_ERROR;
				GCC_WARN_UNDECLARED_SELECTOR = YES;
				GCC_WARN_UNINITIALIZED_AUTOS = YES_AGGRESSIVE;
				GCC_WARN_UNUSED_FUNCTION = YES;
				GCC_WARN_UNUSED_VARIABLE = YES;
				IPHONEOS_DEPLOYMENT_TARGET = 14.4;
				MTL_ENABLE_DEBUG_INFO = INCLUDE_SOURCE;
				MTL_FAST_MATH = YES;
				ONLY_ACTIVE_ARCH = YES;
				SDKROOT = iphoneos;
				SWIFT_ACTIVE_COMPILATION_CONDITIONS = DEBUG;
				SWIFT_OPTIMIZATION_LEVEL = "-Onone";
			};
			name = Debug;
		};
		13FC91162664F4B200A53A7A /* Release */ = {
			isa = XCBuildConfiguration;
			buildSettings = {
				ALWAYS_SEARCH_USER_PATHS = NO;
				CLANG_ANALYZER_NONNULL = YES;
				CLANG_ANALYZER_NUMBER_OBJECT_CONVERSION = YES_AGGRESSIVE;
				CLANG_CXX_LANGUAGE_STANDARD = "gnu++14";
				CLANG_CXX_LIBRARY = "libc++";
				CLANG_ENABLE_MODULES = YES;
				CLANG_ENABLE_OBJC_ARC = YES;
				CLANG_ENABLE_OBJC_WEAK = YES;
				CLANG_WARN_BLOCK_CAPTURE_AUTORELEASING = YES;
				CLANG_WARN_BOOL_CONVERSION = YES;
				CLANG_WARN_COMMA = YES;
				CLANG_WARN_CONSTANT_CONVERSION = YES;
				CLANG_WARN_DEPRECATED_OBJC_IMPLEMENTATIONS = YES;
				CLANG_WARN_DIRECT_OBJC_ISA_USAGE = YES_ERROR;
				CLANG_WARN_DOCUMENTATION_COMMENTS = YES;
				CLANG_WARN_EMPTY_BODY = YES;
				CLANG_WARN_ENUM_CONVERSION = YES;
				CLANG_WARN_INFINITE_RECURSION = YES;
				CLANG_WARN_INT_CONVERSION = YES;
				CLANG_WARN_NON_LITERAL_NULL_CONVERSION = YES;
				CLANG_WARN_OBJC_IMPLICIT_RETAIN_SELF = YES;
				CLANG_WARN_OBJC_LITERAL_CONVERSION = YES;
				CLANG_WARN_OBJC_ROOT_CLASS = YES_ERROR;
				CLANG_WARN_QUOTED_INCLUDE_IN_FRAMEWORK_HEADER = YES;
				CLANG_WARN_RANGE_LOOP_ANALYSIS = YES;
				CLANG_WARN_STRICT_PROTOTYPES = YES;
				CLANG_WARN_SUSPICIOUS_MOVE = YES;
				CLANG_WARN_UNGUARDED_AVAILABILITY = YES_AGGRESSIVE;
				CLANG_WARN_UNREACHABLE_CODE = YES;
				CLANG_WARN__DUPLICATE_METHOD_MATCH = YES;
				COPY_PHASE_STRIP = NO;
				DEBUG_INFORMATION_FORMAT = "dwarf-with-dsym";
				ENABLE_NS_ASSERTIONS = NO;
				ENABLE_STRICT_OBJC_MSGSEND = YES;
				GCC_C_LANGUAGE_STANDARD = gnu11;
				GCC_NO_COMMON_BLOCKS = YES;
				GCC_WARN_64_TO_32_BIT_CONVERSION = YES;
				GCC_WARN_ABOUT_RETURN_TYPE = YES_ERROR;
				GCC_WARN_UNDECLARED_SELECTOR = YES;
				GCC_WARN_UNINITIALIZED_AUTOS = YES_AGGRESSIVE;
				GCC_WARN_UNUSED_FUNCTION = YES;
				GCC_WARN_UNUSED_VARIABLE = YES;
				IPHONEOS_DEPLOYMENT_TARGET = 14.4;
				MTL_ENABLE_DEBUG_INFO = NO;
				MTL_FAST_MATH = YES;
				SDKROOT = iphoneos;
				SWIFT_COMPILATION_MODE = wholemodule;
				SWIFT_OPTIMIZATION_LEVEL = "-O";
				VALIDATE_PRODUCT = YES;
			};
			name = Release;
		};
		13FC91182664F4B200A53A7A /* Debug */ = {
			isa = XCBuildConfiguration;
			buildSettings = {
				ASSETCATALOG_COMPILER_APPICON_NAME = AppIcon;
				ASSETCATALOG_COMPILER_GLOBAL_ACCENT_COLOR_NAME = AccentColor;
				CODE_SIGN_STYLE = Automatic;
				INFOPLIST_FILE = QRCodeTutorial.swift/Info.plist;
				LD_RUNPATH_SEARCH_PATHS = (
					"$(inherited)",
					"@executable_path/Frameworks",
				);
				PRODUCT_BUNDLE_IDENTIFIER = "com.hyeon.QRCodeTutorial-swift";
				PRODUCT_NAME = "$(TARGET_NAME)";
				SWIFT_VERSION = 5.0;
				TARGETED_DEVICE_FAMILY = "1,2";
			};
			name = Debug;
		};
		13FC91192664F4B200A53A7A /* Release */ = {
			isa = XCBuildConfiguration;
			buildSettings = {
				ASSETCATALOG_COMPILER_APPICON_NAME = AppIcon;
				ASSETCATALOG_COMPILER_GLOBAL_ACCENT_COLOR_NAME = AccentColor;
				CODE_SIGN_STYLE = Automatic;
				INFOPLIST_FILE = QRCodeTutorial.swift/Info.plist;
				LD_RUNPATH_SEARCH_PATHS = (
					"$(inherited)",
					"@executable_path/Frameworks",
				);
				PRODUCT_BUNDLE_IDENTIFIER = "com.hyeon.QRCodeTutorial-swift";
				PRODUCT_NAME = "$(TARGET_NAME)";
				SWIFT_VERSION = 5.0;
				TARGETED_DEVICE_FAMILY = "1,2";
			};
			name = Release;
		};
/* End XCBuildConfiguration section */

/* Begin XCConfigurationList section */
		13FC90FE2664F4B100A53A7A /* Build configuration list for PBXProject "QRCodeTutorial.swift" */ = {
			isa = XCConfigurationList;
			buildConfigurations = (
				13FC91152664F4B200A53A7A /* Debug */,
				13FC91162664F4B200A53A7A /* Release */,
			);
			defaultConfigurationIsVisible = 0;
			defaultConfigurationName = Release;
		};
		13FC91172664F4B200A53A7A /* Build configuration list for PBXNativeTarget "QRCodeTutorial.swift" */ = {
			isa = XCConfigurationList;
			buildConfigurations = (
				13FC91182664F4B200A53A7A /* Debug */,
				13FC91192664F4B200A53A7A /* Release */,
			);
			defaultConfigurationIsVisible = 0;
			defaultConfigurationName = Release;
		};
/* End XCConfigurationList section */
	};
	rootObject = 13FC90FB2664F4B100A53A7A /* Project object */;
}
